
Microsoft Visual Studio Solution File, Format Version 12.00
# Visual Studio Version 17
VisualStudioVersion = 17.14.36511.14
MinimumVisualStudioVersion = 10.0.40219.1
Project("{FAE04EC0-301F-11D3-BF4B-00C04F79EFBC}") = "BakeryDash.UI", "BakeryDash.UI.csproj", "{9B9B229A-0BA9-4F02-BF1F-153B53370D0F}"
EndProject
Project("{FAE04EC0-301F-11D3-BF4B-00C04F79EFBC}") = "BakeryDash.BLL", "..\BakeryDash.BLL\BakeryDash.BLL.csproj", "{857D96E5-EB3B-4037-A0A6-F97E15E9BB59}"
EndProject
Project("{FAE04EC0-301F-11D3-BF4B-00C04F79EFBC}") = "BakeryDash.DAL", "..\BakeryDash.DAL\BakeryDash.DAL.csproj", "{0CE5B065-DB3F-44F7-8199-CE90F0C32DD4}"
EndProject
Global
	GlobalSection(SolutionConfigurationPlatforms) = preSolution
		Debug|Any CPU = Debug|Any CPU
		Release|Any CPU = Release|Any CPU
	EndGlobalSection
	GlobalSection(ProjectConfigurationPlatforms) = postSolution
		{9B9B229A-0BA9-4F02-BF1F-153B53370D0F}.Debug|Any CPU.ActiveCfg = Debug|Any CPU
		{9B9B229A-0BA9-4F02-BF1F-153B53370D0F}.Debug|Any CPU.Build.0 = Debug|Any CPU
		{9B9B229A-0BA9-4F02-BF1F-153B53370D0F}.Release|Any CPU.ActiveCfg = Release|Any CPU
		{9B9B229A-0BA9-4F02-BF1F-153B53370D0F}.Release|Any CPU.Build.0 = Release|Any CPU
		{857D96E5-EB3B-4037-A0A6-F97E15E9BB59}.Debug|Any CPU.ActiveCfg = Debug|Any CPU
		{857D96E5-EB3B-4037-A0A6-F97E15E9BB59}.Debug|Any CPU.Build.0 = Debug|Any CPU
		{857D96E5-EB3B-4037-A0A6-F97E15E9BB59}.Release|Any CPU.ActiveCfg = Release|Any CPU
		{857D96E5-EB3B-4037-A0A6-F97E15E9BB59}.Release|Any CPU.Build.0 = Release|Any CPU
		{0CE5B065-DB3F-44F7-8199-CE90F0C32DD4}.Debug|Any CPU.ActiveCfg = Debug|Any CPU
		{0CE5B065-DB3F-44F7-8199-CE90F0C32DD4}.Debug|Any CPU.Build.0 = Debug|Any CPU
		{0CE5B065-DB3F-44F7-8199-CE90F0C32DD4}.Release|Any CPU.ActiveCfg = Release|Any CPU
		{0CE5B065-DB3F-44F7-8199-CE90F0C32DD4}.Release|Any CPU.Build.0 = Release|Any CPU
	EndGlobalSection
	GlobalSection(SolutionProperties) = preSolution
		HideSolutionNode = FALSE
	EndGlobalSection
	GlobalSection(ExtensibilityGlobals) = postSolution
		SolutionGuid = {0226144F-71A7-4746-9B88-42E9C8F50F4D}
	EndGlobalSection
EndGlobal
